
Microsoft Visual Studio Solution File, Format Version 12.00
# Visual Studio Version 16
VisualStudioVersion = 16.0.29519.87
MinimumVisualStudioVersion = 10.0.40219.1
Project("{FAE04EC0-301F-11D3-BF4B-00C04F79EFBC}") = "NovaCleanClient", "NovaCleanClient\NovaCleanClient\NovaCleanClient.csproj", "{50652120-907E-4D06-A51C-29E55C782BA1}"
EndProject
Project("{FAE04EC0-301F-11D3-BF4B-00C04F79EFBC}") = "NovaCleanClient.Android", "NovaCleanClient\NovaCleanClient.Android\NovaCleanClient.Android.csproj", "{87D77F1A-CCD7-4E6F-8C2A-016EB2DA9C0B}"
EndProject
Project("{FAE04EC0-301F-11D3-BF4B-00C04F79EFBC}") = "NovaCleanClient.iOS", "NovaCleanClient\NovaCleanClient.iOS\NovaCleanClient.iOS.csproj", "{785198C4-7E2C-41EE-927C-9D94352A4606}"
EndProject
Global
	GlobalSection(SolutionConfigurationPlatforms) = preSolution
		Ad-Hoc|Any CPU = Ad-Hoc|Any CPU
		Ad-Hoc|iPhone = Ad-Hoc|iPhone
		Ad-Hoc|iPhoneSimulator = Ad-Hoc|iPhoneSimulator
		AppStore|Any CPU = AppStore|Any CPU
		AppStore|iPhone = AppStore|iPhone
		AppStore|iPhoneSimulator = AppStore|iPhoneSimulator
		Debug|Any CPU = Debug|Any CPU
		Debug|iPhone = Debug|iPhone
		Debug|iPhoneSimulator = Debug|iPhoneSimulator
		Release|Any CPU = Release|Any CPU
		Release|iPhone = Release|iPhone
		Release|iPhoneSimulator = Release|iPhoneSimulator
	EndGlobalSection
	GlobalSection(ProjectConfigurationPlatforms) = postSolution
		{50652120-907E-4D06-A51C-29E55C782BA1}.Ad-Hoc|Any CPU.ActiveCfg = Debug|Any CPU
		{50652120-907E-4D06-A51C-29E55C782BA1}.Ad-Hoc|Any CPU.Build.0 = Debug|Any CPU
		{50652120-907E-4D06-A51C-29E55C782BA1}.Ad-Hoc|iPhone.ActiveCfg = Debug|Any CPU
		{50652120-907E-4D06-A51C-29E55C782BA1}.Ad-Hoc|iPhone.Build.0 = Debug|Any CPU
		{50652120-907E-4D06-A51C-29E55C782BA1}.Ad-Hoc|iPhoneSimulator.ActiveCfg = Debug|Any CPU
		{50652120-907E-4D06-A51C-29E55C782BA1}.Ad-Hoc|iPhoneSimulator.Build.0 = Debug|Any CPU
		{50652120-907E-4D06-A51C-29E55C782BA1}.AppStore|Any CPU.ActiveCfg = Debug|Any CPU
		{50652120-907E-4D06-A51C-29E55C782BA1}.AppStore|Any CPU.Build.0 = Debug|Any CPU
		{50652120-907E-4D06-A51C-29E55C782BA1}.AppStore|iPhone.ActiveCfg = Debug|Any CPU
		{50652120-907E-4D06-A51C-29E55C782BA1}.AppStore|iPhone.Build.0 = Debug|Any CPU
		{50652120-907E-4D06-A51C-29E55C782BA1}.AppStore|iPhoneSimulator.ActiveCfg = Debug|Any CPU
		{50652120-907E-4D06-A51C-29E55C782BA1}.AppStore|iPhoneSimulator.Build.0 = Debug|Any CPU
		{50652120-907E-4D06-A51C-29E55C782BA1}.Debug|Any CPU.ActiveCfg = Debug|Any CPU
		{50652120-907E-4D06-A51C-29E55C782BA1}.Debug|Any CPU.Build.0 = Debug|Any CPU
		{50652120-907E-4D06-A51C-29E55C782BA1}.Debug|iPhone.ActiveCfg = Debug|Any CPU
		{50652120-907E-4D06-A51C-29E55C782BA1}.Debug|iPhone.Build.0 = Debug|Any CPU
		{50652120-907E-4D06-A51C-29E55C782BA1}.Debug|iPhoneSimulator.ActiveCfg = Debug|Any CPU
		{50652120-907E-4D06-A51C-29E55C782BA1}.Debug|iPhoneSimulator.Build.0 = Debug|Any CPU
		{50652120-907E-4D06-A51C-29E55C782BA1}.Release|Any CPU.ActiveCfg = Release|Any CPU
		{50652120-907E-4D06-A51C-29E55C782BA1}.Release|Any CPU.Build.0 = Release|Any CPU
		{50652120-907E-4D06-A51C-29E55C782BA1}.Release|iPhone.ActiveCfg = Release|Any CPU
		{50652120-907E-4D06-A51C-29E55C782BA1}.Release|iPhone.Build.0 = Release|Any CPU
		{50652120-907E-4D06-A51C-29E55C782BA1}.Release|iPhoneSimulator.ActiveCfg = Release|Any CPU
		{50652120-907E-4D06-A51C-29E55C782BA1}.Release|iPhoneSimulator.Build.0 = Release|Any CPU
		{87D77F1A-CCD7-4E6F-8C2A-016EB2DA9C0B}.Ad-Hoc|Any CPU.ActiveCfg = Release|Any CPU
		{87D77F1A-CCD7-4E6F-8C2A-016EB2DA9C0B}.Ad-Hoc|Any CPU.Build.0 = Release|Any CPU
		{87D77F1A-CCD7-4E6F-8C2A-016EB2DA9C0B}.Ad-Hoc|Any CPU.Deploy.0 = Release|Any CPU
		{87D77F1A-CCD7-4E6F-8C2A-016EB2DA9C0B}.Ad-Hoc|iPhone.ActiveCfg = Release|Any CPU
		{87D77F1A-CCD7-4E6F-8C2A-016EB2DA9C0B}.Ad-Hoc|iPhone.Build.0 = Release|Any CPU
		{87D77F1A-CCD7-4E6F-8C2A-016EB2DA9C0B}.Ad-Hoc|iPhone.Deploy.0 = Release|Any CPU
		{87D77F1A-CCD7-4E6F-8C2A-016EB2DA9C0B}.Ad-Hoc|iPhoneSimulator.ActiveCfg = Release|Any CPU
		{87D77F1A-CCD7-4E6F-8C2A-016EB2DA9C0B}.Ad-Hoc|iPhoneSimulator.Build.0 = Release|Any CPU
		{87D77F1A-CCD7-4E6F-8C2A-016EB2DA9C0B}.Ad-Hoc|iPhoneSimulator.Deploy.0 = Release|Any CPU
		{87D77F1A-CCD7-4E6F-8C2A-016EB2DA9C0B}.AppStore|Any CPU.ActiveCfg = Release|Any CPU
		{87D77F1A-CCD7-4E6F-8C2A-016EB2DA9C0B}.AppStore|Any CPU.Build.0 = Release|Any CPU
		{87D77F1A-CCD7-4E6F-8C2A-016EB2DA9C0B}.AppStore|Any CPU.Deploy.0 = Release|Any CPU
		{87D77F1A-CCD7-4E6F-8C2A-016EB2DA9C0B}.AppStore|iPhone.ActiveCfg = Release|Any CPU
		{87D77F1A-CCD7-4E6F-8C2A-016EB2DA9C0B}.AppStore|iPhone.Build.0 = Release|Any CPU
		{87D77F1A-CCD7-4E6F-8C2A-016EB2DA9C0B}.AppStore|iPhone.Deploy.0 = Release|Any CPU
		{87D77F1A-CCD7-4E6F-8C2A-016EB2DA9C0B}.AppStore|iPhoneSimulator.ActiveCfg = Release|Any CPU
		{87D77F1A-CCD7-4E6F-8C2A-016EB2DA9C0B}.AppStore|iPhoneSimulator.Build.0 = Release|Any CPU
		{87D77F1A-CCD7-4E6F-8C2A-016EB2DA9C0B}.AppStore|iPhoneSimulator.Deploy.0 = Release|Any CPU
		{87D77F1A-CCD7-4E6F-8C2A-016EB2DA9C0B}.Debug|Any CPU.ActiveCfg = Debug|Any CPU
		{87D77F1A-CCD7-4E6F-8C2A-016EB2DA9C0B}.Debug|Any CPU.Build.0 = Debug|Any CPU
		{87D77F1A-CCD7-4E6F-8C2A-016EB2DA9C0B}.Debug|Any CPU.Deploy.0 = Debug|Any CPU
		{87D77F1A-CCD7-4E6F-8C2A-016EB2DA9C0B}.Debug|iPhone.ActiveCfg = Debug|Any CPU
		{87D77F1A-CCD7-4E6F-8C2A-016EB2DA9C0B}.Debug|iPhone.Build.0 = Debug|Any CPU
		{87D77F1A-CCD7-4E6F-8C2A-016EB2DA9C0B}.Debug|iPhone.Deploy.0 = Debug|Any CPU
		{87D77F1A-CCD7-4E6F-8C2A-016EB2DA9C0B}.Debug|iPhoneSimulator.ActiveCfg = Debug|Any CPU
		{87D77F1A-CCD7-4E6F-8C2A-016EB2DA9C0B}.Debug|iPhoneSimulator.Build.0 = Debug|Any CPU
		{87D77F1A-CCD7-4E6F-8C2A-016EB2DA9C0B}.Debug|iPhoneSimulator.Deploy.0 = Debug|Any CPU
		{87D77F1A-CCD7-4E6F-8C2A-016EB2DA9C0B}.Release|Any CPU.ActiveCfg = Release|Any CPU
		{87D77F1A-CCD7-4E6F-8C2A-016EB2DA9C0B}.Release|Any CPU.Build.0 = Release|Any CPU
		{87D77F1A-CCD7-4E6F-8C2A-016EB2DA9C0B}.Release|Any CPU.Deploy.0 = Release|Any CPU
		{87D77F1A-CCD7-4E6F-8C2A-016EB2DA9C0B}.Release|iPhone.ActiveCfg = Release|Any CPU
		{87D77F1A-CCD7-4E6F-8C2A-016EB2DA9C0B}.Release|iPhone.Build.0 = Release|Any CPU
		{87D77F1A-CCD7-4E6F-8C2A-016EB2DA9C0B}.Release|iPhone.Deploy.0 = Release|Any CPU
		{87D77F1A-CCD7-4E6F-8C2A-016EB2DA9C0B}.Release|iPhoneSimulator.ActiveCfg = Release|Any CPU
		{87D77F1A-CCD7-4E6F-8C2A-016EB2DA9C0B}.Release|iPhoneSimulator.Build.0 = Release|Any CPU
		{87D77F1A-CCD7-4E6F-8C2A-016EB2DA9C0B}.Release|iPhoneSimulator.Deploy.0 = Release|Any CPU
		{785198C4-7E2C-41EE-927C-9D94352A4606}.Ad-Hoc|Any CPU.ActiveCfg = Ad-Hoc|iPhone
		{785198C4-7E2C-41EE-927C-9D94352A4606}.Ad-Hoc|iPhone.ActiveCfg = Ad-Hoc|iPhone
		{785198C4-7E2C-41EE-927C-9D94352A4606}.Ad-Hoc|iPhone.Build.0 = Ad-Hoc|iPhone
		{785198C4-7E2C-41EE-927C-9D94352A4606}.Ad-Hoc|iPhoneSimulator.ActiveCfg = Ad-Hoc|iPhoneSimulator
		{785198C4-7E2C-41EE-927C-9D94352A4606}.Ad-Hoc|iPhoneSimulator.Build.0 = Ad-Hoc|iPhoneSimulator
		{785198C4-7E2C-41EE-927C-9D94352A4606}.AppStore|Any CPU.ActiveCfg = AppStore|iPhone
		{785198C4-7E2C-41EE-927C-9D94352A4606}.AppStore|iPhone.ActiveCfg = AppStore|iPhone
		{785198C4-7E2C-41EE-927C-9D94352A4606}.AppStore|iPhone.Build.0 = AppStore|iPhone
		{785198C4-7E2C-41EE-927C-9D94352A4606}.AppStore|iPhoneSimulator.ActiveCfg = AppStore|iPhoneSimulator
		{785198C4-7E2C-41EE-927C-9D94352A4606}.AppStore|iPhoneSimulator.Build.0 = AppStore|iPhoneSimulator
		{785198C4-7E2C-41EE-927C-9D94352A4606}.Debug|Any CPU.ActiveCfg = Debug|iPhone
		{785198C4-7E2C-41EE-927C-9D94352A4606}.Debug|iPhone.ActiveCfg = Debug|iPhone
		{785198C4-7E2C-41EE-927C-9D94352A4606}.Debug|iPhone.Build.0 = Debug|iPhone
		{785198C4-7E2C-41EE-927C-9D94352A4606}.Debug|iPhoneSimulator.ActiveCfg = Debug|iPhoneSimulator
		{785198C4-7E2C-41EE-927C-9D94352A4606}.Debug|iPhoneSimulator.Build.0 = Debug|iPhoneSimulator
		{785198C4-7E2C-41EE-927C-9D94352A4606}.Release|Any CPU.ActiveCfg = Release|iPhone
		{785198C4-7E2C-41EE-927C-9D94352A4606}.Release|iPhone.ActiveCfg = Release|iPhone
		{785198C4-7E2C-41EE-927C-9D94352A4606}.Release|iPhone.Build.0 = Release|iPhone
		{785198C4-7E2C-41EE-927C-9D94352A4606}.Release|iPhoneSimulator.ActiveCfg = Release|iPhoneSimulator
		{785198C4-7E2C-41EE-927C-9D94352A4606}.Release|iPhoneSimulator.Build.0 = Release|iPhoneSimulator
	EndGlobalSection
	GlobalSection(SolutionProperties) = preSolution
		HideSolutionNode = FALSE
	EndGlobalSection
	GlobalSection(ExtensibilityGlobals) = postSolution
		SolutionGuid = {150FC872-C26E-47B7-8809-A271FE3A1B4C}
	EndGlobalSection
EndGlobal
